{
  "name": "dataStructure",
  "version": "1.0.0",
  "lockfileVersion": 1,
  "requires": true,
  "dependencies": {
    "buckets-js": {
      "version": "1.98.2",
      "resolved": "http://registry.npm.taobao.org/buckets-js/download/buckets-js-1.98.2.tgz",
      "integrity": "sha1-LPk2/ebQ3cJi2Jh/2hJWOZYafHM="
    }
  }
}
